
Microsoft Visual Studio Solution File, Format Version 12.00
# Visual Studio 15
VisualStudioVersion = 15.0.26124.0
MinimumVisualStudioVersion = 15.0.26124.0
Project("{F2A71F9B-5D33-465A-A702-920D77279786}") = "Activity1", "Activity1\Activity1.fsproj", "{AAC4DBAB-258A-431E-BEDA-F2DDEFBE04B3}"
EndProject
Global
	GlobalSection(SolutionConfigurationPlatforms) = preSolution
		Debug|Any CPU = Debug|Any CPU
		Debug|x64 = Debug|x64
		Debug|x86 = Debug|x86
		Release|Any CPU = Release|Any CPU
		Release|x64 = Release|x64
		Release|x86 = Release|x86
	EndGlobalSection
	GlobalSection(SolutionProperties) = preSolution
		HideSolutionNode = FALSE
	EndGlobalSection
	GlobalSection(ProjectConfigurationPlatforms) = postSolution
		{AAC4DBAB-258A-431E-BEDA-F2DDEFBE04B3}.Debug|Any CPU.ActiveCfg = Debug|Any CPU
		{AAC4DBAB-258A-431E-BEDA-F2DDEFBE04B3}.Debug|Any CPU.Build.0 = Debug|Any CPU
		{AAC4DBAB-258A-431E-BEDA-F2DDEFBE04B3}.Debug|x64.ActiveCfg = Debug|Any CPU
		{AAC4DBAB-258A-431E-BEDA-F2DDEFBE04B3}.Debug|x64.Build.0 = Debug|Any CPU
		{AAC4DBAB-258A-431E-BEDA-F2DDEFBE04B3}.Debug|x86.ActiveCfg = Debug|Any CPU
		{AAC4DBAB-258A-431E-BEDA-F2DDEFBE04B3}.Debug|x86.Build.0 = Debug|Any CPU
		{AAC4DBAB-258A-431E-BEDA-F2DDEFBE04B3}.Release|Any CPU.ActiveCfg = Release|Any CPU
		{AAC4DBAB-258A-431E-BEDA-F2DDEFBE04B3}.Release|Any CPU.Build.0 = Release|Any CPU
		{AAC4DBAB-258A-431E-BEDA-F2DDEFBE04B3}.Release|x64.ActiveCfg = Release|Any CPU
		{AAC4DBAB-258A-431E-BEDA-F2DDEFBE04B3}.Release|x64.Build.0 = Release|Any CPU
		{AAC4DBAB-258A-431E-BEDA-F2DDEFBE04B3}.Release|x86.ActiveCfg = Release|Any CPU
		{AAC4DBAB-258A-431E-BEDA-F2DDEFBE04B3}.Release|x86.Build.0 = Release|Any CPU
	EndGlobalSection
EndGlobal
